# THIS IS AN AUTOGENERATED FILE. DO NOT EDIT THIS FILE DIRECTLY.
# yarn lockfile v1


JSONStream@^1.3.1:
  version "1.3.1"
  resolved "https://registry.yarnpkg.com/JSONStream/-/JSONStream-1.3.1.tgz#707f761e01dae9e16f1bcf93703b78c70966579a"
  dependencies:
    jsonparse "^1.2.0"
    through ">=2.2.7 <3"

agentkeepalive@^2.2.0:
  version "2.2.0"
  resolved "https://registry.yarnpkg.com/agentkeepalive/-/agentkeepalive-2.2.0.tgz#c5d1bd4b129008f1163f236f86e5faea2026e2ef"

ansi-regex@^2.0.0:
  version "2.1.1"
  resolved "https://registry.yarnpkg.com/ansi-regex/-/ansi-regex-2.1.1.tgz#c3b33ab5ee360d86e0e628f0468ae7ef27d654df"

ansi-styles@^2.2.1:
  version "2.2.1"
  resolved "https://registry.yarnpkg.com/ansi-styles/-/ansi-styles-2.2.1.tgz#b432dd3358b634cf75e1e4664368240533c1ddbe"

async@~1.0.0:
  version "1.0.0"
  resolved "https://registry.yarnpkg.com/async/-/async-1.0.0.tgz#f8fc04ca3a13784ade9e1641af98578cfbd647a9"

balanced-match@^1.0.0:
  version "1.0.0"
  resolved "https://registry.yarnpkg.com/balanced-match/-/balanced-match-1.0.0.tgz#89b4d199ab2bee49de164ea02b89ce462d71b767"

bluebird@^3.5.0:
  version "3.5.1"
  resolved "https://registry.yarnpkg.com/bluebird/-/bluebird-3.5.1.tgz#d9551f9de98f1fcda1e683d17ee91a0602ee2eb9"

brace-expansion@^1.1.7:
  version "1.1.8"
  resolved "https://registry.yarnpkg.com/brace-expansion/-/brace-expansion-1.1.8.tgz#c07b211c7c952ec1f8efd51a77ef0d1d3990a292"
  dependencies:
    balanced-match "^1.0.0"
    concat-map "0.0.1"

browser-stdout@1.3.0:
  version "1.3.0"
  resolved "https://registry.yarnpkg.com/browser-stdout/-/browser-stdout-1.3.0.tgz#f351d32969d32fa5d7a5567154263d928ae3bd1f"

build@^0.1.4:
  version "0.1.4"
  resolved "https://registry.yarnpkg.com/build/-/build-0.1.4.tgz#707fe026ffceddcacbfdcdf356eafda64f151046"
  dependencies:
    cssmin "0.3.x"
    jsmin "1.x"
    jxLoader "*"
    moo-server "*"
    promised-io "*"
    timespan "2.x"
    uglify-js "1.x"
    walker "1.x"
    winston "*"
    wrench "1.3.x"

chalk@^1.0.0:
  version "1.1.3"
  resolved "https://registry.yarnpkg.com/chalk/-/chalk-1.1.3.tgz#a8115c55e4a702fe4d150abd3872822a7e09fc98"
  dependencies:
    ansi-styles "^2.2.1"
    escape-string-regexp "^1.0.2"
    has-ansi "^2.0.0"
    strip-ansi "^3.0.0"
    supports-color "^2.0.0"

colors@1.0.x:
  version "1.0.3"
  resolved "https://registry.yarnpkg.com/colors/-/colors-1.0.3.tgz#0433f44d809680fdeb60ed260f1b0c262e82a40b"

colors@~0.6:
  version "0.6.2"
  resolved "https://registry.yarnpkg.com/colors/-/colors-0.6.2.tgz#2423fe6678ac0c5dae8852e5d0e5be08c997abcc"

commander@2.11.0:
  version "2.11.0"
  resolved "https://registry.yarnpkg.com/commander/-/commander-2.11.0.tgz#157152fd1e7a6c8d98a5b715cf376df928004563"

concat-map@0.0.1:
  version "0.0.1"
  resolved "https://registry.yarnpkg.com/concat-map/-/concat-map-0.0.1.tgz#d8a96bd77fd68df7793a73036a3ba0d5405d477b"

cssmin@0.3.x:
  version "0.3.2"
  resolved "https://registry.yarnpkg.com/cssmin/-/cssmin-0.3.2.tgz#ddce4c547b510ae0d594a8f1fbf8aaf8e2c5c00d"

cycle@1.0.x:
  version "1.0.3"
  resolved "https://registry.yarnpkg.com/cycle/-/cycle-1.0.3.tgz#21e80b2be8580f98b468f379430662b046c34ad2"

debug@3.1.0:
  version "3.1.0"
  resolved "https://registry.yarnpkg.com/debug/-/debug-3.1.0.tgz#5bb5a0672628b64149566ba16819e61518c67261"
  dependencies:
    ms "2.0.0"

diff@3.3.1:
  version "3.3.1"
  resolved "https://registry.yarnpkg.com/diff/-/diff-3.3.1.tgz#aa8567a6eed03c531fc89d3f711cd0e5259dec75"

diff@^3.1.0:
  version "3.4.0"
  resolved "https://registry.yarnpkg.com/diff/-/diff-3.4.0.tgz#b1d85507daf3964828de54b37d0d73ba67dda56c"

elastic.js@^1.2.0:
  version "1.2.0"
  resolved "https://registry.yarnpkg.com/elastic.js/-/elastic.js-1.2.0.tgz#fd4bb28fc4a7b822e9c32ec118bd75ed35eb43de"
  dependencies:
    colors "~0.6"
    elasticsearch "*"

elasticbulk@^1.0.2:
  version "1.0.2"
  resolved "https://registry.yarnpkg.com/elasticbulk/-/elasticbulk-1.0.2.tgz#cc0b1810c5cba2007f512778cc52abef3b8dbd06"
  dependencies:
    JSONStream "^1.3.1"
    bluebird "^3.5.0"
    elasticsearch "^13.3.1"
    is-stream "^1.1.0"
    lodash "^4.17.4"

elasticsearch@*, elasticsearch@^13.3.1:
  version "13.3.1"
  resolved "https://registry.yarnpkg.com/elasticsearch/-/elasticsearch-13.3.1.tgz#c530aea9afb17ea91c3d0a56f1f111ba49bc9239"
  dependencies:
    agentkeepalive "^2.2.0"
    chalk "^1.0.0"
    lodash "2.4.2"
    lodash.get "^4.4.2"
    lodash.isempty "^4.4.0"
    lodash.trimend "^4.5.1"

escape-string-regexp@1.0.5, escape-string-regexp@^1.0.2:
  version "1.0.5"
  resolved "https://registry.yarnpkg.com/escape-string-regexp/-/escape-string-regexp-1.0.5.tgz#1b61c0562190a8dff6ae3bb2cf0200ca130b86d4"

eyes@0.1.x:
  version "0.1.8"
  resolved "https://registry.yarnpkg.com/eyes/-/eyes-0.1.8.tgz#62cf120234c683785d902348a800ef3e0cc20bc0"

formatio@1.2.0, formatio@^1.2.0:
  version "1.2.0"
  resolved "https://registry.yarnpkg.com/formatio/-/formatio-1.2.0.tgz#f3b2167d9068c4698a8d51f4f760a39a54d818eb"
  dependencies:
    samsam "1.x"

fs.realpath@^1.0.0:
  version "1.0.0"
  resolved "https://registry.yarnpkg.com/fs.realpath/-/fs.realpath-1.0.0.tgz#1504ad2523158caa40db4a2787cb01411994ea4f"

glob@7.1.2:
  version "7.1.2"
  resolved "https://registry.yarnpkg.com/glob/-/glob-7.1.2.tgz#c19c9df9a028702d678612384a6552404c636d15"
  dependencies:
    fs.realpath "^1.0.0"
    inflight "^1.0.4"
    inherits "2"
    minimatch "^3.0.4"
    once "^1.3.0"
    path-is-absolute "^1.0.0"

growl@1.10.3:
  version "1.10.3"
  resolved "https://registry.yarnpkg.com/growl/-/growl-1.10.3.tgz#1926ba90cf3edfe2adb4927f5880bc22c66c790f"

has-ansi@^2.0.0:
  version "2.0.0"
  resolved "https://registry.yarnpkg.com/has-ansi/-/has-ansi-2.0.0.tgz#34f5049ce1ecdf2b0649af3ef24e45ed35416d91"
  dependencies:
    ansi-regex "^2.0.0"

has-flag@^2.0.0:
  version "2.0.0"
  resolved "https://registry.yarnpkg.com/has-flag/-/has-flag-2.0.0.tgz#e8207af1cc7b30d446cc70b734b5e8be18f88d51"

he@1.1.1:
  version "1.1.1"
  resolved "https://registry.yarnpkg.com/he/-/he-1.1.1.tgz#93410fd21b009735151f8868c2f271f3427e23fd"

inflight@^1.0.4:
  version "1.0.6"
  resolved "https://registry.yarnpkg.com/inflight/-/inflight-1.0.6.tgz#49bd6331d7d02d0c09bc910a1075ba8165b56df9"
  dependencies:
    once "^1.3.0"
    wrappy "1"

inherits@2:
  version "2.0.3"
  resolved "https://registry.yarnpkg.com/inherits/-/inherits-2.0.3.tgz#633c2c83e3da42a502f52466022480f4208261de"

is-stream@^1.1.0:
  version "1.1.0"
  resolved "https://registry.yarnpkg.com/is-stream/-/is-stream-1.1.0.tgz#12d4a3dd4e68e0b79ceb8dbc84173ae80d91ca44"

isarray@0.0.1:
  version "0.0.1"
  resolved "https://registry.yarnpkg.com/isarray/-/isarray-0.0.1.tgz#8a18acfca9a8f4177e09abfc6038939b05d1eedf"

isstream@0.1.x:
  version "0.1.2"
  resolved "https://registry.yarnpkg.com/isstream/-/isstream-0.1.2.tgz#47e63f7af55afa6f92e1500e690eb8b8529c099a"

js-yaml@0.3.x:
  version "0.3.7"
  resolved "https://registry.yarnpkg.com/js-yaml/-/js-yaml-0.3.7.tgz#d739d8ee86461e54b354d6a7d7d1f2ad9a167f62"

jsmin@1.x:
  version "1.0.1"
  resolved "https://registry.yarnpkg.com/jsmin/-/jsmin-1.0.1.tgz#e7bd0dcd6496c3bf4863235bf461a3d98aa3b98c"

jsonparse@^1.2.0:
  version "1.3.1"
  resolved "https://registry.yarnpkg.com/jsonparse/-/jsonparse-1.3.1.tgz#3f4dae4a91fac315f71062f8521cc239f1366280"

just-extend@^1.1.22:
  version "1.1.22"
  resolved "https://registry.yarnpkg.com/just-extend/-/just-extend-1.1.22.tgz#3330af756cab6a542700c64b2e4e4aa062d52fff"

jxLoader@*:
  version "0.1.1"
  resolved "https://registry.yarnpkg.com/jxLoader/-/jxLoader-0.1.1.tgz#0134ea5144e533b594fc1ff25ff194e235c53ecd"
  dependencies:
    js-yaml "0.3.x"
    moo-server "1.3.x"
    promised-io "*"
    walker "1.x"

lodash.get@^4.4.2:
  version "4.4.2"
  resolved "https://registry.yarnpkg.com/lodash.get/-/lodash.get-4.4.2.tgz#2d177f652fa31e939b4438d5341499dfa3825e99"

lodash.isempty@^4.4.0:
  version "4.4.0"
  resolved "https://registry.yarnpkg.com/lodash.isempty/-/lodash.isempty-4.4.0.tgz#6f86cbedd8be4ec987be9aaf33c9684db1b31e7e"

lodash.trimend@^4.5.1:
  version "4.5.1"
  resolved "https://registry.yarnpkg.com/lodash.trimend/-/lodash.trimend-4.5.1.tgz#12804437286b98cad8996b79414e11300114082f"

lodash@2.4.2:
  version "2.4.2"
  resolved "https://registry.yarnpkg.com/lodash/-/lodash-2.4.2.tgz#fadd834b9683073da179b3eae6d9c0d15053f73e"

lodash@^4.17.4:
  version "4.17.4"
  resolved "https://registry.yarnpkg.com/lodash/-/lodash-4.17.4.tgz#78203a4d1c328ae1d86dca6460e369b57f4055ae"

lolex@^1.6.0:
  version "1.6.0"
  resolved "https://registry.yarnpkg.com/lolex/-/lolex-1.6.0.tgz#3a9a0283452a47d7439e72731b9e07d7386e49f6"

lolex@^2.1.2:
  version "2.1.3"
  resolved "https://registry.yarnpkg.com/lolex/-/lolex-2.1.3.tgz#53f893bbe88c80378156240e127126b905c83087"

makeerror@1.0.x:
  version "1.0.11"
  resolved "https://registry.yarnpkg.com/makeerror/-/makeerror-1.0.11.tgz#e01a5c9109f2af79660e4e8b9587790184f5a96c"
  dependencies:
    tmpl "1.0.x"

minimatch@^3.0.4:
  version "3.0.4"
  resolved "https://registry.yarnpkg.com/minimatch/-/minimatch-3.0.4.tgz#5166e286457f03306064be5497e8dbb0c3d32083"
  dependencies:
    brace-expansion "^1.1.7"

minimist@0.0.8:
  version "0.0.8"
  resolved "https://registry.yarnpkg.com/minimist/-/minimist-0.0.8.tgz#857fcabfc3397d2625b8228262e86aa7a011b05d"

mkdirp@0.5.1:
  version "0.5.1"
  resolved "https://registry.yarnpkg.com/mkdirp/-/mkdirp-0.5.1.tgz#30057438eac6cf7f8c4767f38648d6697d75c903"
  dependencies:
    minimist "0.0.8"

mocha@^4.0.1:
  version "4.0.1"
  resolved "https://registry.yarnpkg.com/mocha/-/mocha-4.0.1.tgz#0aee5a95cf69a4618820f5e51fa31717117daf1b"
  dependencies:
    browser-stdout "1.3.0"
    commander "2.11.0"
    debug "3.1.0"
    diff "3.3.1"
    escape-string-regexp "1.0.5"
    glob "7.1.2"
    growl "1.10.3"
    he "1.1.1"
    mkdirp "0.5.1"
    supports-color "4.4.0"

moo-server@*, moo-server@1.3.x:
  version "1.3.0"
  resolved "https://registry.yarnpkg.com/moo-server/-/moo-server-1.3.0.tgz#5dc79569565a10d6efed5439491e69d2392e58f1"

ms@2.0.0:
  version "2.0.0"
  resolved "https://registry.yarnpkg.com/ms/-/ms-2.0.0.tgz#5608aeadfc00be6c2901df5f9861788de0d597c8"

native-promise-only@^0.8.1:
  version "0.8.1"
  resolved "https://registry.yarnpkg.com/native-promise-only/-/native-promise-only-0.8.1.tgz#20a318c30cb45f71fe7adfbf7b21c99c1472ef11"

nise@^1.0.1:
  version "1.1.1"
  resolved "https://registry.yarnpkg.com/nise/-/nise-1.1.1.tgz#1faa07147f3bf2465d4dbedc0e4a84048f081041"
  dependencies:
    formatio "^1.2.0"
    just-extend "^1.1.22"
    lolex "^1.6.0"
    path-to-regexp "^1.7.0"
    text-encoding "^0.6.4"

once@^1.3.0:
  version "1.4.0"
  resolved "https://registry.yarnpkg.com/once/-/once-1.4.0.tgz#583b1aa775961d4b113ac17d9c50baef9dd76bd1"
  dependencies:
    wrappy "1"

path-is-absolute@^1.0.0:
  version "1.0.1"
  resolved "https://registry.yarnpkg.com/path-is-absolute/-/path-is-absolute-1.0.1.tgz#174b9268735534ffbc7ace6bf53a5a9e1b5c5f5f"

path-to-regexp@^1.7.0:
  version "1.7.0"
  resolved "https://registry.yarnpkg.com/path-to-regexp/-/path-to-regexp-1.7.0.tgz#59fde0f435badacba103a84e9d3bc64e96b9937d"
  dependencies:
    isarray "0.0.1"

promised-io@*:
  version "0.3.5"
  resolved "https://registry.yarnpkg.com/promised-io/-/promised-io-0.3.5.tgz#4ad217bb3658bcaae9946b17a8668ecd851e1356"

samsam@1.x, samsam@^1.1.3:
  version "1.3.0"
  resolved "https://registry.yarnpkg.com/samsam/-/samsam-1.3.0.tgz#8d1d9350e25622da30de3e44ba692b5221ab7c50"

should-equal@^2.0.0:
  version "2.0.0"
  resolved "https://registry.yarnpkg.com/should-equal/-/should-equal-2.0.0.tgz#6072cf83047360867e68e98b09d71143d04ee0c3"
  dependencies:
    should-type "^1.4.0"

should-format@^3.0.3:
  version "3.0.3"
  resolved "https://registry.yarnpkg.com/should-format/-/should-format-3.0.3.tgz#9bfc8f74fa39205c53d38c34d717303e277124f1"
  dependencies:
    should-type "^1.3.0"
    should-type-adaptors "^1.0.1"

should-type-adaptors@^1.0.1:
  version "1.0.1"
  resolved "https://registry.yarnpkg.com/should-type-adaptors/-/should-type-adaptors-1.0.1.tgz#efe5553cdf68cff66e5c5f51b712dc351c77beaa"
  dependencies:
    should-type "^1.3.0"
    should-util "^1.0.0"

should-type@^1.3.0, should-type@^1.4.0:
  version "1.4.0"
  resolved "https://registry.yarnpkg.com/should-type/-/should-type-1.4.0.tgz#0756d8ce846dfd09843a6947719dfa0d4cff5cf3"

should-util@^1.0.0:
  version "1.0.0"
  resolved "https://registry.yarnpkg.com/should-util/-/should-util-1.0.0.tgz#c98cda374aa6b190df8ba87c9889c2b4db620063"

should@^13.1.2:
  version "13.1.2"
  resolved "https://registry.yarnpkg.com/should/-/should-13.1.2.tgz#46e1335672d0bc5e16146b35947c995a3e5c7b15"
  dependencies:
    should-equal "^2.0.0"
    should-format "^3.0.3"
    should-type "^1.4.0"
    should-type-adaptors "^1.0.1"
    should-util "^1.0.0"

sinon@^3.3.0:
  version "3.3.0"
  resolved "https://registry.yarnpkg.com/sinon/-/sinon-3.3.0.tgz#9132111b4bbe13c749c2848210864250165069b1"
  dependencies:
    build "^0.1.4"
    diff "^3.1.0"
    formatio "1.2.0"
    lodash.get "^4.4.2"
    lolex "^2.1.2"
    native-promise-only "^0.8.1"
    nise "^1.0.1"
    path-to-regexp "^1.7.0"
    samsam "^1.1.3"
    text-encoding "0.6.4"
    type-detect "^4.0.0"

slug@^0.9.1:
  version "0.9.1"
  resolved "https://registry.yarnpkg.com/slug/-/slug-0.9.1.tgz#af08f608a7c11516b61778aa800dce84c518cfda"
  dependencies:
    unicode ">= 0.3.1"

stack-trace@0.0.x:
  version "0.0.10"
  resolved "https://registry.yarnpkg.com/stack-trace/-/stack-trace-0.0.10.tgz#547c70b347e8d32b4e108ea1a2a159e5fdde19c0"

strip-ansi@^3.0.0:
  version "3.0.1"
  resolved "https://registry.yarnpkg.com/strip-ansi/-/strip-ansi-3.0.1.tgz#6a385fb8853d952d5ff05d0e8aaf94278dc63dcf"
  dependencies:
    ansi-regex "^2.0.0"

supports-color@4.4.0:
  version "4.4.0"
  resolved "https://registry.yarnpkg.com/supports-color/-/supports-color-4.4.0.tgz#883f7ddabc165142b2a61427f3352ded195d1a3e"
  dependencies:
    has-flag "^2.0.0"

supports-color@^2.0.0:
  version "2.0.0"
  resolved "https://registry.yarnpkg.com/supports-color/-/supports-color-2.0.0.tgz#535d045ce6b6363fa40117084629995e9df324c7"

text-encoding@0.6.4, text-encoding@^0.6.4:
  version "0.6.4"
  resolved "https://registry.yarnpkg.com/text-encoding/-/text-encoding-0.6.4.tgz#e399a982257a276dae428bb92845cb71bdc26d19"

"through@>=2.2.7 <3":
  version "2.3.8"
  resolved "https://registry.yarnpkg.com/through/-/through-2.3.8.tgz#0dd4c9ffaabc357960b1b724115d7e0e86a2e1f5"

timespan@2.x:
  version "2.3.0"
  resolved "https://registry.yarnpkg.com/timespan/-/timespan-2.3.0.tgz#4902ce040bd13d845c8f59b27e9d59bad6f39929"

tmpl@1.0.x:
  version "1.0.4"
  resolved "https://registry.yarnpkg.com/tmpl/-/tmpl-1.0.4.tgz#23640dd7b42d00433911140820e5cf440e521dd1"

type-detect@^4.0.0:
  version "4.0.3"
  resolved "https://registry.yarnpkg.com/type-detect/-/type-detect-4.0.3.tgz#0e3f2670b44099b0b46c284d136a7ef49c74c2ea"

uglify-js@1.x:
  version "1.3.5"
  resolved "https://registry.yarnpkg.com/uglify-js/-/uglify-js-1.3.5.tgz#4b5bfff9186effbaa888e4c9e94bd9fc4c94929d"

"unicode@>= 0.3.1":
  version "10.0.0"
  resolved "https://registry.yarnpkg.com/unicode/-/unicode-10.0.0.tgz#e5d51c1db93b6c71a0b879e0b0c4af7e6fdf688e"

walker@1.x:
  version "1.0.7"
  resolved "https://registry.yarnpkg.com/walker/-/walker-1.0.7.tgz#2f7f9b8fd10d677262b18a884e28d19618e028fb"
  dependencies:
    makeerror "1.0.x"

winston@*:
  version "2.4.0"
  resolved "https://registry.yarnpkg.com/winston/-/winston-2.4.0.tgz#808050b93d52661ed9fb6c26b3f0c826708b0aee"
  dependencies:
    async "~1.0.0"
    colors "1.0.x"
    cycle "1.0.x"
    eyes "0.1.x"
    isstream "0.1.x"
    stack-trace "0.0.x"

wrappy@1:
  version "1.0.2"
  resolved "https://registry.yarnpkg.com/wrappy/-/wrappy-1.0.2.tgz#b5243d8f3ec1aa35f1364605bc0d1036e30ab69f"

wrench@1.3.x:
  version "1.3.9"
  resolved "https://registry.yarnpkg.com/wrench/-/wrench-1.3.9.tgz#6f13ec35145317eb292ca5f6531391b244111411"
